
Microsoft Visual Studio Solution File, Format Version 12.00
# Visual Studio Version 16
VisualStudioVersion = 16.0.30804.86
MinimumVisualStudioVersion = 10.0.40219.1
Project("{FAE04EC0-301F-11D3-BF4B-00C04F79EFBC}") = "Math expr ast", "Math expr ast\Math expr ast.csproj", "{1B41DBB0-AF59-4448-AE4F-8BE434B5619E}"
EndProject
Global
	GlobalSection(SolutionConfigurationPlatforms) = preSolution
		Debug|Any CPU = Debug|Any CPU
		Release|Any CPU = Release|Any CPU
	EndGlobalSection
	GlobalSection(ProjectConfigurationPlatforms) = postSolution
		{1B41DBB0-AF59-4448-AE4F-8BE434B5619E}.Debug|Any CPU.ActiveCfg = Debug|Any CPU
		{1B41DBB0-AF59-4448-AE4F-8BE434B5619E}.Debug|Any CPU.Build.0 = Debug|Any CPU
		{1B41DBB0-AF59-4448-AE4F-8BE434B5619E}.Release|Any CPU.ActiveCfg = Release|Any CPU
		{1B41DBB0-AF59-4448-AE4F-8BE434B5619E}.Release|Any CPU.Build.0 = Release|Any CPU
	EndGlobalSection
	GlobalSection(SolutionProperties) = preSolution
		HideSolutionNode = FALSE
	EndGlobalSection
	GlobalSection(ExtensibilityGlobals) = postSolution
		SolutionGuid = {B0130D72-D77C-4146-AFED-D90217B3D56D}
	EndGlobalSection
EndGlobal
